
Microsoft Visual Studio Solution File, Format Version 12.00
# Visual Studio 15
VisualStudioVersion = 15.0.27004.2005
MinimumVisualStudioVersion = 10.0.40219.1
Project("{FAE04EC0-301F-11D3-BF4B-00C04F79EFBC}") = "Ng4NetCoreAuth", "Ng4NetCoreAuth\Ng4NetCoreAuth.csproj", "{C79F61E1-743E-44D2-917E-2A32AA9642D2}"
EndProject
Global
	GlobalSection(SolutionConfigurationPlatforms) = preSolution
		Debug|Any CPU = Debug|Any CPU
		Release|Any CPU = Release|Any CPU
	EndGlobalSection
	GlobalSection(ProjectConfigurationPlatforms) = postSolution
		{C79F61E1-743E-44D2-917E-2A32AA9642D2}.Debug|Any CPU.ActiveCfg = Debug|Any CPU
		{C79F61E1-743E-44D2-917E-2A32AA9642D2}.Debug|Any CPU.Build.0 = Debug|Any CPU
		{C79F61E1-743E-44D2-917E-2A32AA9642D2}.Release|Any CPU.ActiveCfg = Release|Any CPU
		{C79F61E1-743E-44D2-917E-2A32AA9642D2}.Release|Any CPU.Build.0 = Release|Any CPU
	EndGlobalSection
	GlobalSection(SolutionProperties) = preSolution
		HideSolutionNode = FALSE
	EndGlobalSection
	GlobalSection(ExtensibilityGlobals) = postSolution
		SolutionGuid = {159AC211-6611-47C8-B5FD-FC9A076F5F7D}
	EndGlobalSection
EndGlobal
